
Microsoft Visual Studio Solution File, Format Version 12.00
# Visual Studio Version 17
VisualStudioVersion = 17.6.33829.357
MinimumVisualStudioVersion = 10.0.40219.1
Project("{FAE04EC0-301F-11D3-BF4B-00C04F79EFBC}") = "deneme2", "deneme2\deneme2.csproj", "{35A842B7-B692-40CF-AB4A-2A60054BB832}"
EndProject
Project("{FAE04EC0-301F-11D3-BF4B-00C04F79EFBC}") = "JQueryApp", "JQueryApp\JQueryApp.csproj", "{2CA853F8-67B3-4B2D-8E94-1AA6245F49EE}"
EndProject
Global
	GlobalSection(SolutionConfigurationPlatforms) = preSolution
		Debug|Any CPU = Debug|Any CPU
		Release|Any CPU = Release|Any CPU
	EndGlobalSection
	GlobalSection(ProjectConfigurationPlatforms) = postSolution
		{35A842B7-B692-40CF-AB4A-2A60054BB832}.Debug|Any CPU.ActiveCfg = Debug|Any CPU
		{35A842B7-B692-40CF-AB4A-2A60054BB832}.Debug|Any CPU.Build.0 = Debug|Any CPU
		{35A842B7-B692-40CF-AB4A-2A60054BB832}.Release|Any CPU.ActiveCfg = Release|Any CPU
		{35A842B7-B692-40CF-AB4A-2A60054BB832}.Release|Any CPU.Build.0 = Release|Any CPU
		{2CA853F8-67B3-4B2D-8E94-1AA6245F49EE}.Debug|Any CPU.ActiveCfg = Debug|Any CPU
		{2CA853F8-67B3-4B2D-8E94-1AA6245F49EE}.Debug|Any CPU.Build.0 = Debug|Any CPU
		{2CA853F8-67B3-4B2D-8E94-1AA6245F49EE}.Release|Any CPU.ActiveCfg = Release|Any CPU
		{2CA853F8-67B3-4B2D-8E94-1AA6245F49EE}.Release|Any CPU.Build.0 = Release|Any CPU
	EndGlobalSection
	GlobalSection(SolutionProperties) = preSolution
		HideSolutionNode = FALSE
	EndGlobalSection
	GlobalSection(ExtensibilityGlobals) = postSolution
		SolutionGuid = {20EA6083-D74B-47A2-B7B5-D4D36EFAE5FB}
	EndGlobalSection
EndGlobal
